// !$*UTF8*$!
{
	archiveVersion = 1;
	classes = {
	};
	objectVersion = 56;
	objects = {

/* Begin PBXBuildFile section */
		1A1F718D2BCD595100A09C06 /* MyTeaTimeApp.swift in Sources */ = {isa = PBXBuildFile; fileRef = 1A1F718C2BCD595100A09C06 /* MyTeaTimeApp.swift */; };
		1A1F718F2BCD595100A09C06 /* ContentView.swift in Sources */ = {isa = PBXBuildFile; fileRef = 1A1F718E2BCD595100A09C06 /* ContentView.swift */; };
		1A1F71912BCD595100A09C06 /* Item.swift in Sources */ = {isa = PBXBuildFile; fileRef = 1A1F71902BCD595100A09C06 /* Item.swift */; };
		1A1F71932BCD595200A09C06 /* Assets.xcassets in Resources */ = {isa = PBXBuildFile; fileRef = 1A1F71922BCD595200A09C06 /* Assets.xcassets */; };
		1A1F71962BCD595200A09C06 /* Preview Assets.xcassets in Resources */ = {isa = PBXBuildFile; fileRef = 1A1F71952BCD595200A09C06 /* Preview Assets.xcassets */; };
		1A2472A62C57BF5200A135D9 /* CouponBookView.swift in Sources */ = {isa = PBXBuildFile; fileRef = 1A2472A52C57BF5200A135D9 /* CouponBookView.swift */; };
		1A2472A82C57BF6700A135D9 /* MemoView.swift in Sources */ = {isa = PBXBuildFile; fileRef = 1A2472A72C57BF6700A135D9 /* MemoView.swift */; };
		1A5CB61D2BD0C20D009239C2 /* TeaTimeBookList.swift in Sources */ = {isa = PBXBuildFile; fileRef = 1A5CB61C2BD0C20D009239C2 /* TeaTimeBookList.swift */; };
		1A5CB61F2BD0C21D009239C2 /* TeaTimeBookRow.swift in Sources */ = {isa = PBXBuildFile; fileRef = 1A5CB61E2BD0C21D009239C2 /* TeaTimeBookRow.swift */; };
/* End PBXBuildFile section */

/* Begin PBXFileReference section */
		1A1F71892BCD595100A09C06 /* MyTeaTime.app */ = {isa = PBXFileReference; explicitFileType = wrapper.application; includeInIndex = 0; path = MyTeaTime.app; sourceTree = BUILT_PRODUCTS_DIR; };
		1A1F718C2BCD595100A09C06 /* MyTeaTimeApp.swift */ = {isa = PBXFileReference; lastKnownFileType = sourcecode.swift; path = MyTeaTimeApp.swift; sourceTree = "<group>"; };
		1A1F718E2BCD595100A09C06 /* ContentView.swift */ = {isa = PBXFileReference; lastKnownFileType = sourcecode.swift; path = ContentView.swift; sourceTree = "<group>"; };
		1A1F71902BCD595100A09C06 /* Item.swift */ = {isa = PBXFileReference; lastKnownFileType = sourcecode.swift; path = Item.swift; sourceTree = "<group>"; };
		1A1F71922BCD595200A09C06 /* Assets.xcassets */ = {isa = PBXFileReference; lastKnownFileType = folder.assetcatalog; path = Assets.xcassets; sourceTree = "<group>"; };
		1A1F71952BCD595200A09C06 /* Preview Assets.xcassets */ = {isa = PBXFileReference; lastKnownFileType = folder.assetcatalog; path = "Preview Assets.xcassets"; sourceTree = "<group>"; };
		1A2472A52C57BF5200A135D9 /* CouponBookView.swift */ = {isa = PBXFileReference; lastKnownFileType = sourcecode.swift; path = CouponBookView.swift; sourceTree = "<group>"; };
		1A2472A72C57BF6700A135D9 /* MemoView.swift */ = {isa = PBXFileReference; lastKnownFileType = sourcecode.swift; path = MemoView.swift; sourceTree = "<group>"; };
		1A5CB61C2BD0C20D009239C2 /* TeaTimeBookList.swift */ = {isa = PBXFileReference; fileEncoding = 4; lastKnownFileType = sourcecode.swift; path = TeaTimeBookList.swift; sourceTree = "<group>"; };
		1A5CB61E2BD0C21D009239C2 /* TeaTimeBookRow.swift */ = {isa = PBXFileReference; fileEncoding = 4; lastKnownFileType = sourcecode.swift; path = TeaTimeBookRow.swift; sourceTree = "<group>"; };
/* End PBXFileReference section */

/* Begin PBXFrameworksBuildPhase section */
		1A1F71862BCD595100A09C06 /* Frameworks */ = {
			isa = PBXFrameworksBuildPhase;
			buildActionMask = 2147483647;
			files = (
			);
			runOnlyForDeploymentPostprocessing = 0;
		};
/* End PBXFrameworksBuildPhase section */

/* Begin PBXGroup section */
		1A1F71802BCD595100A09C06 = {
			isa = PBXGroup;
			children = (
				1A1F718B2BCD595100A09C06 /* MyTeaTime */,
				1A1F718A2BCD595100A09C06 /* Products */,
			);
			sourceTree = "<group>";
		};
		1A1F718A2BCD595100A09C06 /* Products */ = {
			isa = PBXGroup;
			children = (
				1A1F71892BCD595100A09C06 /* MyTeaTime.app */,
			);
			name = Products;
			sourceTree = "<group>";
		};
		1A1F718B2BCD595100A09C06 /* MyTeaTime */ = {
			isa = PBXGroup;
			children = (
				1A1F718E2BCD595100A09C06 /* ContentView.swift */,
				1A2472A52C57BF5200A135D9 /* CouponBookView.swift */,
				1A1F71902BCD595100A09C06 /* Item.swift */,
				1A2472A72C57BF6700A135D9 /* MemoView.swift */,
				1A1F718C2BCD595100A09C06 /* MyTeaTimeApp.swift */,
				1A5CB61C2BD0C20D009239C2 /* TeaTimeBookList.swift */,
				1A5CB61E2BD0C21D009239C2 /* TeaTimeBookRow.swift */,
				1A1F71922BCD595200A09C06 /* Assets.xcassets */,
				1A1F71942BCD595200A09C06 /* Preview Content */,
			);
			path = MyTeaTime;
			sourceTree = "<group>";
		};
		1A1F71942BCD595200A09C06 /* Preview Content */ = {
			isa = PBXGroup;
			children = (
				1A1F71952BCD595200A09C06 /* Preview Assets.xcassets */,
			);
			path = "Preview Content";
			sourceTree = "<group>";
		};
/* End PBXGroup section */

/* Begin PBXNativeTarget section */
		1A1F71882BCD595100A09C06 /* MyTeaTime */ = {
			isa = PBXNativeTarget;
			buildConfigurationList = 1A1F71992BCD595200A09C06 /* Build configuration list for PBXNativeTarget "MyTeaTime" */;
			buildPhases = (
				1A1F71852BCD595100A09C06 /* Sources */,
				1A1F71862BCD595100A09C06 /* Frameworks */,
				1A1F71872BCD595100A09C06 /* Resources */,
			);
			buildRules = (
			);
			dependencies = (
			);
			name = MyTeaTime;
			productName = MyTeaTime;
			productReference = 1A1F71892BCD595100A09C06 /* MyTeaTime.app */;
			productType = "com.apple.product-type.application";
		};
/* End PBXNativeTarget section */

/* Begin PBXProject section */
		1A1F71812BCD595100A09C06 /* Project object */ = {
			isa = PBXProject;
			attributes = {
				BuildIndependentTargetsInParallel = 1;
				LastSwiftUpdateCheck = 1530;
				LastUpgradeCheck = 1530;
				TargetAttributes = {
					1A1F71882BCD595100A09C06 = {
						CreatedOnToolsVersion = 15.3;
					};
				};
			};
			buildConfigurationList = 1A1F71842BCD595100A09C06 /* Build configuration list for PBXProject "MyTeaTime" */;
			compatibilityVersion = "Xcode 14.0";
			developmentRegion = en;
			hasScannedForEncodings = 0;
			knownRegions = (
				en,
				Base,
			);
			mainGroup = 1A1F71802BCD595100A09C06;
			productRefGroup = 1A1F718A2BCD595100A09C06 /* Products */;
			projectDirPath = "";
			projectRoot = "";
			targets = (
				1A1F71882BCD595100A09C06 /* MyTeaTime */,
			);
		};
/* End PBXProject section */

/* Begin PBXResourcesBuildPhase section */
		1A1F71872BCD595100A09C06 /* Resources */ = {
			isa = PBXResourcesBuildPhase;
			buildActionMask = 2147483647;
			files = (
				1A1F71962BCD595200A09C06 /* Preview Assets.xcassets in Resources */,
				1A1F71932BCD595200A09C06 /* Assets.xcassets in Resources */,
			);
			runOnlyForDeploymentPostprocessing = 0;
		};
/* End PBXResourcesBuildPhase section */

/* Begin PBXSourcesBuildPhase section */
		1A1F71852BCD595100A09C06 /* Sources */ = {
			isa = PBXSourcesBuildPhase;
			buildActionMask = 2147483647;
			files = (
				1A2472A82C57BF6700A135D9 /* MemoView.swift in Sources */,
				1A5CB61D2BD0C20D009239C2 /* TeaTimeBookList.swift in Sources */,
				1A2472A62C57BF5200A135D9 /* CouponBookView.swift in Sources */,
				1A5CB61F2BD0C21D009239C2 /* TeaTimeBookRow.swift in Sources */,
				1A1F718F2BCD595100A09C06 /* ContentView.swift in Sources */,
				1A1F71912BCD595100A09C06 /* Item.swift in Sources */,
				1A1F718D2BCD595100A09C06 /* MyTeaTimeApp.swift in Sources */,
			);
			runOnlyForDeploymentPostprocessing = 0;
		};
/* End PBXSourcesBuildPhase section */

/* Begin XCBuildConfiguration section */
		1A1F71972BCD595200A09C06 /* Debug */ = {
			isa = XCBuildConfiguration;
			buildSettings = {
				ALWAYS_SEARCH_USER_PATHS = NO;
				ASSETCATALOG_COMPILER_GENERATE_SWIFT_ASSET_SYMBOL_EXTENSIONS = YES;
				CLANG_ANALYZER_NONNULL = YES;
				CLANG_ANALYZER_NUMBER_OBJECT_CONVERSION = YES_AGGRESSIVE;
				CLANG_CXX_LANGUAGE_STANDARD = "gnu++20";
				CLANG_ENABLE_MODULES = YES;
				CLANG_ENABLE_OBJC_ARC = YES;
				CLANG_ENABLE_OBJC_WEAK = YES;
				CLANG_WARN_BLOCK_CAPTURE_AUTORELEASING = YES;
				CLANG_WARN_BOOL_CONVERSION = YES;
				CLANG_WARN_COMMA = YES;
				CLANG_WARN_CONSTANT_CONVERSION = YES;
				CLANG_WARN_DEPRECATED_OBJC_IMPLEMENTATIONS = YES;
				CLANG_WARN_DIRECT_OBJC_ISA_USAGE = YES_ERROR;
				CLANG_WARN_DOCUMENTATION_COMMENTS = YES;
				CLANG_WARN_EMPTY_BODY = YES;
				CLANG_WARN_ENUM_CONVERSION = YES;
				CLANG_WARN_INFINITE_RECURSION = YES;
				CLANG_WARN_INT_CONVERSION = YES;
				CLANG_WARN_NON_LITERAL_NULL_CONVERSION = YES;
				CLANG_WARN_OBJC_IMPLICIT_RETAIN_SELF = YES;
				CLANG_WARN_OBJC_LITERAL_CONVERSION = YES;
				CLANG_WARN_OBJC_ROOT_CLASS = YES_ERROR;
				CLANG_WARN_QUOTED_INCLUDE_IN_FRAMEWORK_HEADER = YES;
				CLANG_WARN_RANGE_LOOP_ANALYSIS = YES;
				CLANG_WARN_STRICT_PROTOTYPES = YES;
				CLANG_WARN_SUSPICIOUS_MOVE = YES;
				CLANG_WARN_UNGUARDED_AVAILABILITY = YES_AGGRESSIVE;
				CLANG_WARN_UNREACHABLE_CODE = YES;
				CLANG_WARN__DUPLICATE_METHOD_MATCH = YES;
				COPY_PHASE_STRIP = NO;
				DEBUG_INFORMATION_FORMAT = dwarf;
				ENABLE_STRICT_OBJC_MSGSEND = YES;
				ENABLE_TESTABILITY = YES;
				ENABLE_USER_SCRIPT_SANDBOXING = YES;
				GCC_C_LANGUAGE_STANDARD = gnu17;
				GCC_DYNAMIC_NO_PIC = NO;
				GCC_NO_COMMON_BLOCKS = YES;
				GCC_OPTIMIZATION_LEVEL = 0;
				GCC_PREPROCESSOR_DEFINITIONS = (
					"DEBUG=1",
					"$(inherited)",
				);
				GCC_WARN_64_TO_32_BIT_CONVERSION = YES;
				GCC_WARN_ABOUT_RETURN_TYPE = YES_ERROR;
				GCC_WARN_UNDECLARED_SELECTOR = YES;
				GCC_WARN_UNINITIALIZED_AUTOS = YES_AGGRESSIVE;
				GCC_WARN_UNUSED_FUNCTION = YES;
				GCC_WARN_UNUSED_VARIABLE = YES;
				IPHONEOS_DEPLOYMENT_TARGET = 17.4;
				LOCALIZATION_PREFERS_STRING_CATALOGS = YES;
				MTL_ENABLE_DEBUG_INFO = INCLUDE_SOURCE;
				MTL_FAST_MATH = YES;
				ONLY_ACTIVE_ARCH = YES;
				SDKROOT = iphoneos;
				SWIFT_ACTIVE_COMPILATION_CONDITIONS = "DEBUG $(inherited)";
				SWIFT_OPTIMIZATION_LEVEL = "-Onone";
			};
			name = Debug;
		};
		1A1F71982BCD595200A09C06 /* Release */ = {
			isa = XCBuildConfiguration;
			buildSettings = {
				ALWAYS_SEARCH_USER_PATHS = NO;
				ASSETCATALOG_COMPILER_GENERATE_SWIFT_ASSET_SYMBOL_EXTENSIONS = YES;
				CLANG_ANALYZER_NONNULL = YES;
				CLANG_ANALYZER_NUMBER_OBJECT_CONVERSION = YES_AGGRESSIVE;
				CLANG_CXX_LANGUAGE_STANDARD = "gnu++20";
				CLANG_ENABLE_MODULES = YES;
				CLANG_ENABLE_OBJC_ARC = YES;
				CLANG_ENABLE_OBJC_WEAK = YES;
				CLANG_WARN_BLOCK_CAPTURE_AUTORELEASING = YES;
				CLANG_WARN_BOOL_CONVERSION = YES;
				CLANG_WARN_COMMA = YES;
				CLANG_WARN_CONSTANT_CONVERSION = YES;
				CLANG_WARN_DEPRECATED_OBJC_IMPLEMENTATIONS = YES;
				CLANG_WARN_DIRECT_OBJC_ISA_USAGE = YES_ERROR;
				CLANG_WARN_DOCUMENTATION_COMMENTS = YES;
				CLANG_WARN_EMPTY_BODY = YES;
				CLANG_WARN_ENUM_CONVERSION = YES;
				CLANG_WARN_INFINITE_RECURSION = YES;
				CLANG_WARN_INT_CONVERSION = YES;
				CLANG_WARN_NON_LITERAL_NULL_CONVERSION = YES;
				CLANG_WARN_OBJC_IMPLICIT_RETAIN_SELF = YES;
				CLANG_WARN_OBJC_LITERAL_CONVERSION = YES;
				CLANG_WARN_OBJC_ROOT_CLASS = YES_ERROR;
				CLANG_WARN_QUOTED_INCLUDE_IN_FRAMEWORK_HEADER = YES;
				CLANG_WARN_RANGE_LOOP_ANALYSIS = YES;
				CLANG_WARN_STRICT_PROTOTYPES = YES;
				CLANG_WARN_SUSPICIOUS_MOVE = YES;
				CLANG_WARN_UNGUARDED_AVAILABILITY = YES_AGGRESSIVE;
				CLANG_WARN_UNREACHABLE_CODE = YES;
				CLANG_WARN__DUPLICATE_METHOD_MATCH = YES;
				COPY_PHASE_STRIP = NO;
				DEBUG_INFORMATION_FORMAT = "dwarf-with-dsym";
				ENABLE_NS_ASSERTIONS = NO;
				ENABLE_STRICT_OBJC_MSGSEND = YES;
				ENABLE_USER_SCRIPT_SANDBOXING = YES;
				GCC_C_LANGUAGE_STANDARD = gnu17;
				GCC_NO_COMMON_BLOCKS = YES;
				GCC_WARN_64_TO_32_BIT_CONVERSION = YES;
				GCC_WARN_ABOUT_RETURN_TYPE = YES_ERROR;
				GCC_WARN_UNDECLARED_SELECTOR = YES;
				GCC_WARN_UNINITIALIZED_AUTOS = YES_AGGRESSIVE;
				GCC_WARN_UNUSED_FUNCTION = YES;
				GCC_WARN_UNUSED_VARIABLE = YES;
				IPHONEOS_DEPLOYMENT_TARGET = 17.4;
				LOCALIZATION_PREFERS_STRING_CATALOGS = YES;
				MTL_ENABLE_DEBUG_INFO = NO;
				MTL_FAST_MATH = YES;
				SDKROOT = iphoneos;
				SWIFT_COMPILATION_MODE = wholemodule;
				VALIDATE_PRODUCT = YES;
			};
			name = Release;
		};
		1A1F719A2BCD595200A09C06 /* Debug */ = {
			isa = XCBuildConfiguration;
			buildSettings = {
				ASSETCATALOG_COMPILER_APPICON_NAME = AppIcon;
				ASSETCATALOG_COMPILER_GLOBAL_ACCENT_COLOR_NAME = AccentColor;
				CODE_SIGN_STYLE = Automatic;
				CURRENT_PROJECT_VERSION = 1;
				DEVELOPMENT_ASSET_PATHS = "\"MyTeaTime/Preview Content\"";
				ENABLE_PREVIEWS = YES;
				GENERATE_INFOPLIST_FILE = YES;
				INFOPLIST_KEY_UIApplicationSceneManifest_Generation = YES;
				INFOPLIST_KEY_UIApplicationSupportsIndirectInputEvents = YES;
				INFOPLIST_KEY_UILaunchScreen_Generation = YES;
				INFOPLIST_KEY_UISupportedInterfaceOrientations_iPad = "UIInterfaceOrientationPortrait UIInterfaceOrientationPortraitUpsideDown UIInterfaceOrientationLandscapeLeft UIInterfaceOrientationLandscapeRight";
				INFOPLIST_KEY_UISupportedInterfaceOrientations_iPhone = "UIInterfaceOrientationPortrait UIInterfaceOrientationLandscapeLeft UIInterfaceOrientationLandscapeRight";
				LD_RUNPATH_SEARCH_PATHS = (
					"$(inherited)",
					"@executable_path/Frameworks",
				);
				MARKETING_VERSION = 1.0;
				PRODUCT_BUNDLE_IDENTIFIER = hyungeol.MyTeaTime;
				PRODUCT_NAME = "$(TARGET_NAME)";
				SWIFT_EMIT_LOC_STRINGS = YES;
				SWIFT_VERSION = 5.0;
				TARGETED_DEVICE_FAMILY = "1,2";
			};
			name = Debug;
		};
		1A1F719B2BCD595200A09C06 /* Release */ = {
			isa = XCBuildConfiguration;
			buildSettings = {
				ASSETCATALOG_COMPILER_APPICON_NAME = AppIcon;
				ASSETCATALOG_COMPILER_GLOBAL_ACCENT_COLOR_NAME = AccentColor;
				CODE_SIGN_STYLE = Automatic;
				CURRENT_PROJECT_VERSION = 1;
				DEVELOPMENT_ASSET_PATHS = "\"MyTeaTime/Preview Content\"";
				ENABLE_PREVIEWS = YES;
				GENERATE_INFOPLIST_FILE = YES;
				INFOPLIST_KEY_UIApplicationSceneManifest_Generation = YES;
				INFOPLIST_KEY_UIApplicationSupportsIndirectInputEvents = YES;
				INFOPLIST_KEY_UILaunchScreen_Generation = YES;
				INFOPLIST_KEY_UISupportedInterfaceOrientations_iPad = "UIInterfaceOrientationPortrait UIInterfaceOrientationPortraitUpsideDown UIInterfaceOrientationLandscapeLeft UIInterfaceOrientationLandscapeRight";
				INFOPLIST_KEY_UISupportedInterfaceOrientations_iPhone = "UIInterfaceOrientationPortrait UIInterfaceOrientationLandscapeLeft UIInterfaceOrientationLandscapeRight";
				LD_RUNPATH_SEARCH_PATHS = (
					"$(inherited)",
					"@executable_path/Frameworks",
				);
				MARKETING_VERSION = 1.0;
				PRODUCT_BUNDLE_IDENTIFIER = hyungeol.MyTeaTime;
				PRODUCT_NAME = "$(TARGET_NAME)";
				SWIFT_EMIT_LOC_STRINGS = YES;
				SWIFT_VERSION = 5.0;
				TARGETED_DEVICE_FAMILY = "1,2";
			};
			name = Release;
		};
/* End XCBuildConfiguration section */

/* Begin XCConfigurationList section */
		1A1F71842BCD595100A09C06 /* Build configuration list for PBXProject "MyTeaTime" */ = {
			isa = XCConfigurationList;
			buildConfigurations = (
				1A1F71972BCD595200A09C06 /* Debug */,
				1A1F71982BCD595200A09C06 /* Release */,
			);
			defaultConfigurationIsVisible = 0;
			defaultConfigurationName = Release;
		};
		1A1F71992BCD595200A09C06 /* Build configuration list for PBXNativeTarget "MyTeaTime" */ = {
			isa = XCConfigurationList;
			buildConfigurations = (
				1A1F719A2BCD595200A09C06 /* Debug */,
				1A1F719B2BCD595200A09C06 /* Release */,
			);
			defaultConfigurationIsVisible = 0;
			defaultConfigurationName = Release;
		};
/* End XCConfigurationList section */
	};
	rootObject = 1A1F71812BCD595100A09C06 /* Project object */;
}
